
Microsoft Visual Studio Solution File, Format Version 12.00
# Visual Studio Version 17
VisualStudioVersion = 17.4.33122.133
MinimumVisualStudioVersion = 10.0.40219.1
Project("{FAE04EC0-301F-11D3-BF4B-00C04F79EFBC}") = "scr2tap", "scr2tap\scr2tap.csproj", "{6DCE943B-D932-4649-BC71-049F74B7D6DD}"
EndProject
Project("{2150E333-8FDC-42A3-9474-1A3956D46DE8}") = "Elementos de la solución", "Elementos de la solución", "{B4B4252F-A489-4F94-9B96-BBFCCA3FEE37}"
EndProject
Project("{FAE04EC0-301F-11D3-BF4B-00C04F79EFBC}") = "scr2tapUI", "scr2tapUI\scr2tapUI.csproj", "{B6ABA2AC-57F9-4FE6-8AC2-A439A76BE3F0}"
EndProject
Project("{FAE04EC0-301F-11D3-BF4B-00C04F79EFBC}") = "convertScr", "convertScr\convertScr.csproj", "{84719005-9AAF-4E13-A712-574D0F48C62D}"
EndProject
Global
	GlobalSection(SolutionConfigurationPlatforms) = preSolution
		Debug|Any CPU = Debug|Any CPU
		Release|Any CPU = Release|Any CPU
	EndGlobalSection
	GlobalSection(ProjectConfigurationPlatforms) = postSolution
		{6DCE943B-D932-4649-BC71-049F74B7D6DD}.Debug|Any CPU.ActiveCfg = Debug|Any CPU
		{6DCE943B-D932-4649-BC71-049F74B7D6DD}.Debug|Any CPU.Build.0 = Debug|Any CPU
		{6DCE943B-D932-4649-BC71-049F74B7D6DD}.Release|Any CPU.ActiveCfg = Release|Any CPU
		{6DCE943B-D932-4649-BC71-049F74B7D6DD}.Release|Any CPU.Build.0 = Release|Any CPU
		{B6ABA2AC-57F9-4FE6-8AC2-A439A76BE3F0}.Debug|Any CPU.ActiveCfg = Debug|Any CPU
		{B6ABA2AC-57F9-4FE6-8AC2-A439A76BE3F0}.Debug|Any CPU.Build.0 = Debug|Any CPU
		{B6ABA2AC-57F9-4FE6-8AC2-A439A76BE3F0}.Release|Any CPU.ActiveCfg = Release|Any CPU
		{B6ABA2AC-57F9-4FE6-8AC2-A439A76BE3F0}.Release|Any CPU.Build.0 = Release|Any CPU
		{84719005-9AAF-4E13-A712-574D0F48C62D}.Debug|Any CPU.ActiveCfg = Debug|Any CPU
		{84719005-9AAF-4E13-A712-574D0F48C62D}.Debug|Any CPU.Build.0 = Debug|Any CPU
		{84719005-9AAF-4E13-A712-574D0F48C62D}.Release|Any CPU.ActiveCfg = Release|Any CPU
		{84719005-9AAF-4E13-A712-574D0F48C62D}.Release|Any CPU.Build.0 = Release|Any CPU
	EndGlobalSection
	GlobalSection(SolutionProperties) = preSolution
		HideSolutionNode = FALSE
	EndGlobalSection
	GlobalSection(ExtensibilityGlobals) = postSolution
		SolutionGuid = {A9874904-4F88-40F6-A83C-1D729D24E99C}
	EndGlobalSection
EndGlobal
